{
  "lockfileVersion": 1,
  "workspaces": {
    "": {
      "name": "tasks-api",
      "dependencies": {
        "@hono/zod-openapi": "^1.0.2",
        "@scalar/hono-api-reference": "^0.9.12",
        "hono": "^4.8.5",
        "hono-pino": "^0.10.1",
        "pino": "^9.7.0",
        "pino-pretty": "^13.0.0",
        "stoker": "^1.4.3",
        "zod": "^4.0.5",
      },
      "devDependencies": {
        "@types/bun": "latest",
      },
    },
  },
  "packages": {
    "@asteasolutions/zod-to-openapi": ["@asteasolutions/zod-to-openapi@8.0.0", "", { "dependencies": { "openapi3-ts": "^4.1.2" }, "peerDependencies": { "zod": "^4.0.0" } }, "sha512-C56hBPiraeSWUNLz8mB5Z0/0LdfaFD5d6WB/+hdUg0MiC7egTgvWRGh3M3jZ3CRl03l/NJWnmv5D3OUAz+JGeg=="],

    "@hono/zod-openapi": ["@hono/zod-openapi@1.0.2", "", { "dependencies": { "@asteasolutions/zod-to-openapi": "^8.0.0", "@hono/zod-validator": "^0.7.2", "openapi3-ts": "^4.5.0" }, "peerDependencies": { "hono": ">=4.3.6", "zod": "^4.0.0" } }, "sha512-zbxUZEnA+NaeotXRI2YPL5GEbz38DiO7Zp1nx/7yXOA2ITkcASYsYe/My/I38c44GCu+oUVM899zn4TBVn7JRg=="],

    "@hono/zod-validator": ["@hono/zod-validator@0.7.2", "", { "peerDependencies": { "hono": ">=3.9.0", "zod": "^3.25.0 || ^4.0.0" } }, "sha512-ub5eL/NeZ4eLZawu78JpW/J+dugDAYhwqUIdp9KYScI6PZECij4Hx4UsrthlEUutqDDhPwRI0MscUfNkvn/mqQ=="],

    "@scalar/core": ["@scalar/core@0.3.10", "", { "dependencies": { "@scalar/types": "0.2.10" } }, "sha512-WKLaZk5zj65CbS0Ox0BMZ1GX9gFrVdwgV/cdRjT2Av8H5CizOSirXk4PwdsU8V8Q4gAltVy9cnt6yKc2ZnRY+w=="],

    "@scalar/hono-api-reference": ["@scalar/hono-api-reference@0.9.12", "", { "dependencies": { "@scalar/core": "0.3.10" }, "peerDependencies": { "hono": "^4.0.0" } }, "sha512-ygbQsh+5QaRyAx851utApy12FW+wSRLuOBTpL2U5RVzDjvN6vMBZs119mqH1BmY6ltVn8k7DvS2Ooyx0ttah/A=="],

    "@scalar/openapi-types": ["@scalar/openapi-types@0.3.6", "", { "dependencies": { "zod": "3.24.1" } }, "sha512-hkLIgDIQxSgZNYCqNkty2p/V8hjeMf711uT8IKIjNw8oaT/cjT1HC/3V0FVhJ6x2eaufir+WXt5Zqv/iVk5pyQ=="],

    "@scalar/types": ["@scalar/types@0.2.10", "", { "dependencies": { "@scalar/openapi-types": "0.3.6", "nanoid": "5.1.5", "zod": "3.24.1" } }, "sha512-ZlOzYoYzzGRnMr6RufAnjksv94MyL4s4HElg9mdo9gQXPch24lNiE0pE0k6vxdB+ncgbGWZ1T6qCC/lJXMLL1Q=="],

    "@types/bun": ["@types/bun@1.2.19", "", { "dependencies": { "bun-types": "1.2.19" } }, "sha512-d9ZCmrH3CJ2uYKXQIUuZ/pUnTqIvLDS0SK7pFmbx8ma+ziH/FRMoAq5bYpRG7y+w1gl+HgyNZbtqgMq4W4e2Lg=="],

    "@types/node": ["@types/node@24.1.0", "", { "dependencies": { "undici-types": "~7.8.0" } }, "sha512-ut5FthK5moxFKH2T1CUOC6ctR67rQRvvHdFLCD2Ql6KXmMuCrjsSsRI9UsLCm9M18BMwClv4pn327UvB7eeO1w=="],

    "@types/react": ["@types/react@19.1.8", "", { "dependencies": { "csstype": "^3.0.2" } }, "sha512-AwAfQ2Wa5bCx9WP8nZL2uMZWod7J7/JSplxbTmBQ5ms6QpqNYm672H0Vu9ZVKVngQ+ii4R/byguVEUZQyeg44g=="],

    "atomic-sleep": ["atomic-sleep@1.0.0", "", {}, "sha512-kNOjDqAh7px0XWNI+4QbzoiR/nTkHAWNud2uvnJquD1/x5a7EQZMJT0AczqK0Qn67oY/TTQ1LbUKajZpp3I9tQ=="],

    "bun-types": ["bun-types@1.2.19", "", { "dependencies": { "@types/node": "*" }, "peerDependencies": { "@types/react": "^19" } }, "sha512-uAOTaZSPuYsWIXRpj7o56Let0g/wjihKCkeRqUBhlLVM/Bt+Fj9xTo+LhC1OV1XDaGkz4hNC80et5xgy+9KTHQ=="],

    "colorette": ["colorette@2.0.20", "", {}, "sha512-IfEDxwoWIjkeXL1eXcDiow4UbKjhLdq6/EuSVR9GMN7KVH3r9gQ83e73hsz1Nd1T3ijd5xv1wcWRYO+D6kCI2w=="],

    "csstype": ["csstype@3.1.3", "", {}, "sha512-M1uQkMl8rQK/szD0LNhtqxIPLpimGm8sOBwU7lLnCpSbTyY3yeU1Vc7l4KT5zT4s/yOxHH5O7tIuuLOCnLADRw=="],

    "dateformat": ["dateformat@4.6.3", "", {}, "sha512-2P0p0pFGzHS5EMnhdxQi7aJN+iMheud0UhG4dlE1DLAlvL8JHjJJTX/CSm4JXwV0Ka5nGk3zC5mcb5bUQUxxMA=="],

    "defu": ["defu@6.1.4", "", {}, "sha512-mEQCMmwJu317oSz8CwdIOdwf3xMif1ttiM8LTufzc3g6kR+9Pe236twL8j3IYT1F7GfRgGcW6MWxzZjLIkuHIg=="],

    "end-of-stream": ["end-of-stream@1.4.5", "", { "dependencies": { "once": "^1.4.0" } }, "sha512-ooEGc6HP26xXq/N+GCGOT0JKCLDGrq2bQUZrQ7gyrJiZANJ/8YDTxTpQBXGMn+WbIQXNVpyWymm7KYVICQnyOg=="],

    "fast-copy": ["fast-copy@3.0.2", "", {}, "sha512-dl0O9Vhju8IrcLndv2eU4ldt1ftXMqqfgN4H1cpmGV7P6jeB9FwpN9a2c8DPGE1Ys88rNUJVYDHq73CGAGOPfQ=="],

    "fast-redact": ["fast-redact@3.5.0", "", {}, "sha512-dwsoQlS7h9hMeYUq1W++23NDcBLV4KqONnITDV9DjfS3q1SgDGVrBdvvTLUotWtPSD7asWDV9/CmsZPy8Hf70A=="],

    "fast-safe-stringify": ["fast-safe-stringify@2.1.1", "", {}, "sha512-W+KJc2dmILlPplD/H4K9l9LcAHAfPtP6BY84uVLXQ6Evcz9Lcg33Y2z1IVblT6xdY54PXYVHEv+0Wpq8Io6zkA=="],

    "help-me": ["help-me@5.0.0", "", {}, "sha512-7xgomUX6ADmcYzFik0HzAxh/73YlKR9bmFzf51CZwR+b6YtzU2m0u49hQCqV6SvlqIqsaxovfwdvbnsw3b/zpg=="],

    "hono": ["hono@4.8.5", "", {}, "sha512-Up2cQbtNz1s111qpnnECdTGqSIUIhZJMLikdKkshebQSEBcoUKq6XJayLGqSZWidiH0zfHRCJqFu062Mz5UuRA=="],

    "hono-pino": ["hono-pino@0.10.1", "", { "dependencies": { "defu": "^6.1.4" }, "peerDependencies": { "hono": ">=4.0.0", "pino": ">=7.1.0" } }, "sha512-kkm5A5YHsXFBcmPMZ9VTV4A1HMdcQ2HmfogI9oitE4jWa91gTHuvFFuILuD+Bo0pU33cGyF+NfWeq3fo2LNmSg=="],

    "joycon": ["joycon@3.1.1", "", {}, "sha512-34wB/Y7MW7bzjKRjUKTa46I2Z7eV62Rkhva+KkopW7Qvv/OSWBqvkSY7vusOPrNuZcUG3tApvdVgNB8POj3SPw=="],

    "minimist": ["minimist@1.2.8", "", {}, "sha512-2yyAR8qBkN3YuheJanUpWC5U3bb5osDywNB8RzDVlDwDHbocAJveqqj1u8+SVD7jkWT4yvsHCpWqqWqAxb0zCA=="],

    "nanoid": ["nanoid@5.1.5", "", { "bin": { "nanoid": "bin/nanoid.js" } }, "sha512-Ir/+ZpE9fDsNH0hQ3C68uyThDXzYcim2EqcZ8zn8Chtt1iylPT9xXJB0kPCnqzgcEGikO9RxSrh63MsmVCU7Fw=="],

    "on-exit-leak-free": ["on-exit-leak-free@2.1.2", "", {}, "sha512-0eJJY6hXLGf1udHwfNftBqH+g73EU4B504nZeKpz1sYRKafAghwxEJunB2O7rDZkL4PGfsMVnTXZ2EjibbqcsA=="],

    "once": ["once@1.4.0", "", { "dependencies": { "wrappy": "1" } }, "sha512-lNaJgI+2Q5URQBkccEKHTQOPaXdUxnZZElQTZY0MFUAuaEqe1E+Nyvgdz/aIyNi6Z9MzO5dv1H8n58/GELp3+w=="],

    "openapi3-ts": ["openapi3-ts@4.5.0", "", { "dependencies": { "yaml": "^2.8.0" } }, "sha512-jaL+HgTq2Gj5jRcfdutgRGLosCy/hT8sQf6VOy+P+g36cZOjI1iukdPnijC+4CmeRzg/jEllJUboEic2FhxhtQ=="],

    "pino": ["pino@9.7.0", "", { "dependencies": { "atomic-sleep": "^1.0.0", "fast-redact": "^3.1.1", "on-exit-leak-free": "^2.1.0", "pino-abstract-transport": "^2.0.0", "pino-std-serializers": "^7.0.0", "process-warning": "^5.0.0", "quick-format-unescaped": "^4.0.3", "real-require": "^0.2.0", "safe-stable-stringify": "^2.3.1", "sonic-boom": "^4.0.1", "thread-stream": "^3.0.0" }, "bin": { "pino": "bin.js" } }, "sha512-vnMCM6xZTb1WDmLvtG2lE/2p+t9hDEIvTWJsu6FejkE62vB7gDhvzrpFR4Cw2to+9JNQxVnkAKVPA1KPB98vWg=="],

    "pino-abstract-transport": ["pino-abstract-transport@2.0.0", "", { "dependencies": { "split2": "^4.0.0" } }, "sha512-F63x5tizV6WCh4R6RHyi2Ml+M70DNRXt/+HANowMflpgGFMAym/VKm6G7ZOQRjqN7XbGxK1Lg9t6ZrtzOaivMw=="],

    "pino-pretty": ["pino-pretty@13.0.0", "", { "dependencies": { "colorette": "^2.0.7", "dateformat": "^4.6.3", "fast-copy": "^3.0.2", "fast-safe-stringify": "^2.1.1", "help-me": "^5.0.0", "joycon": "^3.1.1", "minimist": "^1.2.6", "on-exit-leak-free": "^2.1.0", "pino-abstract-transport": "^2.0.0", "pump": "^3.0.0", "secure-json-parse": "^2.4.0", "sonic-boom": "^4.0.1", "strip-json-comments": "^3.1.1" }, "bin": { "pino-pretty": "bin.js" } }, "sha512-cQBBIVG3YajgoUjo1FdKVRX6t9XPxwB9lcNJVD5GCnNM4Y6T12YYx8c6zEejxQsU0wrg9TwmDulcE9LR7qcJqA=="],

    "pino-std-serializers": ["pino-std-serializers@7.0.0", "", {}, "sha512-e906FRY0+tV27iq4juKzSYPbUj2do2X2JX4EzSca1631EB2QJQUqGbDuERal7LCtOpxl6x3+nvo9NPZcmjkiFA=="],

    "process-warning": ["process-warning@5.0.0", "", {}, "sha512-a39t9ApHNx2L4+HBnQKqxxHNs1r7KF+Intd8Q/g1bUh6q0WIp9voPXJ/x0j+ZL45KF1pJd9+q2jLIRMfvEshkA=="],

    "pump": ["pump@3.0.3", "", { "dependencies": { "end-of-stream": "^1.1.0", "once": "^1.3.1" } }, "sha512-todwxLMY7/heScKmntwQG8CXVkWUOdYxIvY2s0VWAAMh/nd8SoYiRaKjlr7+iCs984f2P8zvrfWcDDYVb73NfA=="],

    "quick-format-unescaped": ["quick-format-unescaped@4.0.4", "", {}, "sha512-tYC1Q1hgyRuHgloV/YXs2w15unPVh8qfu/qCTfhTYamaw7fyhumKa2yGpdSo87vY32rIclj+4fWYQXUMs9EHvg=="],

    "real-require": ["real-require@0.2.0", "", {}, "sha512-57frrGM/OCTLqLOAh0mhVA9VBMHd+9U7Zb2THMGdBUoZVOtGbJzjxsYGDJ3A9AYYCP4hn6y1TVbaOfzWtm5GFg=="],

    "safe-stable-stringify": ["safe-stable-stringify@2.5.0", "", {}, "sha512-b3rppTKm9T+PsVCBEOUR46GWI7fdOs00VKZ1+9c1EWDaDMvjQc6tUwuFyIprgGgTcWoVHSKrU8H31ZHA2e0RHA=="],

    "secure-json-parse": ["secure-json-parse@2.7.0", "", {}, "sha512-6aU+Rwsezw7VR8/nyvKTx8QpWH9FrcYiXXlqC4z5d5XQBDRqtbfsRjnwGyqbi3gddNtWHuEk9OANUotL26qKUw=="],

    "sonic-boom": ["sonic-boom@4.2.0", "", { "dependencies": { "atomic-sleep": "^1.0.0" } }, "sha512-INb7TM37/mAcsGmc9hyyI6+QR3rR1zVRu36B0NeGXKnOOLiZOfER5SA+N7X7k3yUYRzLWafduTDvJAfDswwEww=="],

    "split2": ["split2@4.2.0", "", {}, "sha512-UcjcJOWknrNkF6PLX83qcHM6KHgVKNkV62Y8a5uYDVv9ydGQVwAHMKqHdJje1VTWpljG0WYpCDhrCdAOYH4TWg=="],

    "stoker": ["stoker@1.4.3", "", { "peerDependencies": { "@asteasolutions/zod-to-openapi": "^7.0.0", "@hono/zod-openapi": ">=0.16.0", "hono": "^4.0.0", "openapi3-ts": "^4.4.0" }, "optionalPeers": ["@asteasolutions/zod-to-openapi", "@hono/zod-openapi", "openapi3-ts"] }, "sha512-kijg+1PKUY6laFbNcY7hw5OPgg3QhWD+2wAZsk35IqiZfVwU3S/E3DYbemecRT7vdWbWrZ2mzewQrqD4zoJSeQ=="],

    "strip-json-comments": ["strip-json-comments@3.1.1", "", {}, "sha512-6fPc+R4ihwqP6N/aIv2f1gMH8lOVtWQHoqC4yK6oSDVVocumAsfCqjkXnqiYMhmMwS/mEHLp7Vehlt3ql6lEig=="],

    "thread-stream": ["thread-stream@3.1.0", "", { "dependencies": { "real-require": "^0.2.0" } }, "sha512-OqyPZ9u96VohAyMfJykzmivOrY2wfMSf3C5TtFJVgN+Hm6aj+voFhlK+kZEIv2FBh1X6Xp3DlnCOfEQ3B2J86A=="],

    "undici-types": ["undici-types@7.8.0", "", {}, "sha512-9UJ2xGDvQ43tYyVMpuHlsgApydB8ZKfVYTsLDhXkFL/6gfkp+U8xTGdh8pMJv1SpZna0zxG1DwsKZsreLbXBxw=="],

    "wrappy": ["wrappy@1.0.2", "", {}, "sha512-l4Sp/DRseor9wL6EvV2+TuQn63dMkPjZ/sp9XkghTEbV9KlPS1xUsZ3u7/IQO4wxtcFB4bgpQPRcR3QCvezPcQ=="],

    "yaml": ["yaml@2.8.0", "", { "bin": { "yaml": "bin.mjs" } }, "sha512-4lLa/EcQCB0cJkyts+FpIRx5G/llPxfP6VQU5KByHEhLxY3IJCH0f0Hy1MHI8sClTvsIb8qwRJ6R/ZdlDJ/leQ=="],

    "zod": ["zod@4.0.5", "", {}, "sha512-/5UuuRPStvHXu7RS+gmvRf4NXrNxpSllGwDnCBcJZtQsKrviYXm54yDGV2KYNLT5kq0lHGcl7lqWJLgSaG+tgA=="],

    "@scalar/openapi-types/zod": ["zod@3.24.1", "", {}, "sha512-muH7gBL9sI1nciMZV67X5fTKKBLtwpZ5VBp1vsOQzj1MhrBZ4wlVCm3gedKZWLp0Oyel8sIGfeiz54Su+OVT+A=="],

    "@scalar/types/zod": ["zod@3.24.1", "", {}, "sha512-muH7gBL9sI1nciMZV67X5fTKKBLtwpZ5VBp1vsOQzj1MhrBZ4wlVCm3gedKZWLp0Oyel8sIGfeiz54Su+OVT+A=="],
  }
}
